
Microsoft Visual Studio Solution File, Format Version 12.00
# Visual Studio Version 17
VisualStudioVersion = 17.11.35312.102
MinimumVisualStudioVersion = 10.0.40219.1
Project("{9A19103F-16F7-4668-BE54-9A1E7A4F7556}") = "DsbNorge.A3Forms", "src\DsbNorge.A3Forms\DsbNorge.A3Forms.csproj", "{048CF9C6-96A4-48B8-8183-0992379288C0}"
EndProject
Project("{9A19103F-16F7-4668-BE54-9A1E7A4F7556}") = "DsbNorge.A3Forms.Tests", "test\DsbNorge.A3Forms.Tests\DsbNorge.A3Forms.Tests.csproj", "{9A02D755-9F6E-4D38-815B-66EFBC1A741D}"
EndProject
Global
	GlobalSection(SolutionConfigurationPlatforms) = preSolution
		Debug|Any CPU = Debug|Any CPU
		Release|Any CPU = Release|Any CPU
	EndGlobalSection
	GlobalSection(ProjectConfigurationPlatforms) = postSolution
		{048CF9C6-96A4-48B8-8183-0992379288C0}.Debug|Any CPU.ActiveCfg = Debug|Any CPU
		{048CF9C6-96A4-48B8-8183-0992379288C0}.Debug|Any CPU.Build.0 = Debug|Any CPU
		{048CF9C6-96A4-48B8-8183-0992379288C0}.Release|Any CPU.ActiveCfg = Release|Any CPU
		{048CF9C6-96A4-48B8-8183-0992379288C0}.Release|Any CPU.Build.0 = Release|Any CPU
		{9A02D755-9F6E-4D38-815B-66EFBC1A741D}.Debug|Any CPU.ActiveCfg = Debug|Any CPU
		{9A02D755-9F6E-4D38-815B-66EFBC1A741D}.Debug|Any CPU.Build.0 = Debug|Any CPU
		{9A02D755-9F6E-4D38-815B-66EFBC1A741D}.Release|Any CPU.ActiveCfg = Release|Any CPU
		{9A02D755-9F6E-4D38-815B-66EFBC1A741D}.Release|Any CPU.Build.0 = Release|Any CPU
	EndGlobalSection
	GlobalSection(SolutionProperties) = preSolution
		HideSolutionNode = FALSE
	EndGlobalSection
	GlobalSection(ExtensibilityGlobals) = postSolution
		SolutionGuid = {9B2FAE12-99A0-4A13-95AE-88AAEB132DD1}
	EndGlobalSection
EndGlobal
